
Microsoft Visual Studio Solution File, Format Version 12.00
# Visual Studio Version 17
VisualStudioVersion = 17.14.36212.18 d17.14
MinimumVisualStudioVersion = 10.0.40219.1
Project("{FAE04EC0-301F-11D3-BF4B-00C04F79EFBC}") = "StartupCompanySite", "StartupCompanySite.csproj", "{B09FBF78-D643-D444-48A5-85FC72AD8F95}"
EndProject
Global
	GlobalSection(SolutionConfigurationPlatforms) = preSolution
		Debug|Any CPU = Debug|Any CPU
		Release|Any CPU = Release|Any CPU
	EndGlobalSection
	GlobalSection(ProjectConfigurationPlatforms) = postSolution
		{B09FBF78-D643-D444-48A5-85FC72AD8F95}.Debug|Any CPU.ActiveCfg = Debug|Any CPU
		{B09FBF78-D643-D444-48A5-85FC72AD8F95}.Debug|Any CPU.Build.0 = Debug|Any CPU
		{B09FBF78-D643-D444-48A5-85FC72AD8F95}.Release|Any CPU.ActiveCfg = Release|Any CPU
		{B09FBF78-D643-D444-48A5-85FC72AD8F95}.Release|Any CPU.Build.0 = Release|Any CPU
	EndGlobalSection
	GlobalSection(SolutionProperties) = preSolution
		HideSolutionNode = FALSE
	EndGlobalSection
	GlobalSection(ExtensibilityGlobals) = postSolution
		SolutionGuid = {1C672479-F8C5-4F3E-9E1B-14E751115482}
	EndGlobalSection
EndGlobal
